// !$*UTF8*$!
{
	archiveVersion = 1;
	classes = {
	};
	objectVersion = 46;
	objects = {

/* Begin PBXBuildFile section */
		41D9B6291A80C242002BA487 /* main.m in Sources */ = {isa = PBXBuildFile; fileRef = 41D9B6281A80C242002BA487 /* main.m */; };
		41D9B62C1A80C242002BA487 /* AppDelegate.m in Sources */ = {isa = PBXBuildFile; fileRef = 41D9B62B1A80C242002BA487 /* AppDelegate.m */; };
		41D9B62F1A80C242002BA487 /* ViewController.m in Sources */ = {isa = PBXBuildFile; fileRef = 41D9B62E1A80C242002BA487 /* ViewController.m */; };
		41D9B6321A80C242002BA487 /* Main.storyboard in Resources */ = {isa = PBXBuildFile; fileRef = 41D9B6301A80C242002BA487 /* Main.storyboard */; };
		41D9B6341A80C242002BA487 /* Images.xcassets in Resources */ = {isa = PBXBuildFile; fileRef = 41D9B6331A80C242002BA487 /* Images.xcassets */; };
		41D9B6371A80C242002BA487 /* LaunchScreen.xib in Resources */ = {isa = PBXBuildFile; fileRef = 41D9B6351A80C242002BA487 /* LaunchScreen.xib */; };
		41D9B6431A80C242002BA487 /* SyncHelperTests.m in Sources */ = {isa = PBXBuildFile; fileRef = 41D9B6421A80C242002BA487 /* SyncHelperTests.m */; };
		41D9B6751A80C344002BA487 /* Channel.m in Sources */ = {isa = PBXBuildFile; fileRef = 41D9B64E1A80C344002BA487 /* Channel.m */; };
		41D9B6761A80C344002BA487 /* Image.m in Sources */ = {isa = PBXBuildFile; fileRef = 41D9B6501A80C344002BA487 /* Image.m */; };
		41D9B6771A80C344002BA487 /* Item.m in Sources */ = {isa = PBXBuildFile; fileRef = 41D9B6521A80C344002BA487 /* Item.m */; };
		41D9B6781A80C344002BA487 /* MyChanel.m in Sources */ = {isa = PBXBuildFile; fileRef = 41D9B6541A80C344002BA487 /* MyChanel.m */; };
		41D9B6791A80C344002BA487 /* RSS_Item.m in Sources */ = {isa = PBXBuildFile; fileRef = 41D9B6561A80C344002BA487 /* RSS_Item.m */; };
		41D9B67A1A80C344002BA487 /* StringObject.m in Sources */ = {isa = PBXBuildFile; fileRef = 41D9B6581A80C344002BA487 /* StringObject.m */; };
		41D9B67B1A80C344002BA487 /* Video.m in Sources */ = {isa = PBXBuildFile; fileRef = 41D9B65A1A80C344002BA487 /* Video.m */; };
		41D9B67C1A80C344002BA487 /* Weather.m in Sources */ = {isa = PBXBuildFile; fileRef = 41D9B65C1A80C344002BA487 /* Weather.m */; };
		41D9B67D1A80C344002BA487 /* Parser.m in Sources */ = {isa = PBXBuildFile; fileRef = 41D9B65F1A80C344002BA487 /* Parser.m */; };
		41D9B67E1A80C344002BA487 /* Jastor.m in Sources */ = {isa = PBXBuildFile; fileRef = 41D9B6641A80C344002BA487 /* Jastor.m */; settings = {COMPILER_FLAGS = "-fno-objc-arc"; }; };
		41D9B67F1A80C344002BA487 /* JastorRuntimeHelper.m in Sources */ = {isa = PBXBuildFile; fileRef = 41D9B6661A80C344002BA487 /* JastorRuntimeHelper.m */; settings = {COMPILER_FLAGS = "-fno-objc-arc"; }; };
		41D9B6801A80C344002BA487 /* NSObject+SBJSON.m in Sources */ = {isa = PBXBuildFile; fileRef = 41D9B66A1A80C344002BA487 /* NSObject+SBJSON.m */; };
		41D9B6811A80C344002BA487 /* NSString+SBJSON.m in Sources */ = {isa = PBXBuildFile; fileRef = 41D9B66C1A80C344002BA487 /* NSString+SBJSON.m */; };
		41D9B6821A80C344002BA487 /* SBJSON.m in Sources */ = {isa = PBXBuildFile; fileRef = 41D9B66E1A80C344002BA487 /* SBJSON.m */; };
		41D9B6831A80C344002BA487 /* SBJsonBase.m in Sources */ = {isa = PBXBuildFile; fileRef = 41D9B6701A80C344002BA487 /* SBJsonBase.m */; };
		41D9B6841A80C344002BA487 /* SBJsonParser.m in Sources */ = {isa = PBXBuildFile; fileRef = 41D9B6721A80C344002BA487 /* SBJsonParser.m */; };
		41D9B6851A80C344002BA487 /* SBJsonWriter.m in Sources */ = {isa = PBXBuildFile; fileRef = 41D9B6741A80C344002BA487 /* SBJsonWriter.m */; };
		41D9B6941A80C420002BA487 /* libsqlite3.dylib in Frameworks */ = {isa = PBXBuildFile; fileRef = 41D9B6931A80C420002BA487 /* libsqlite3.dylib */; };
		41D9B6A01A80C4D7002BA487 /* DBClientBase.m in Sources */ = {isa = PBXBuildFile; fileRef = 41D9B6991A80C4D7002BA487 /* DBClientBase.m */; };
		41D9B6A11A80C4D7002BA487 /* DBConstants.m in Sources */ = {isa = PBXBuildFile; fileRef = 41D9B69B1A80C4D7002BA487 /* DBConstants.m */; };
		41D9B6A21A80C4D7002BA487 /* DBManager.m in Sources */ = {isa = PBXBuildFile; fileRef = 41D9B69D1A80C4D7002BA487 /* DBManager.m */; };
		41D9B6A31A80C4D7002BA487 /* newsdb.sqlite in Resources */ = {isa = PBXBuildFile; fileRef = 41D9B69F1A80C4D7002BA487 /* newsdb.sqlite */; };
		41D9B6A61A80C706002BA487 /* SyncHelper.m in Sources */ = {isa = PBXBuildFile; fileRef = 41D9B6A51A80C706002BA487 /* SyncHelper.m */; };
		D4A55E55984BA01FED7874C4 /* libPods.a in Frameworks */ = {isa = PBXBuildFile; fileRef = 8712A0BE5C22A29FAA6B38EC /* libPods.a */; };
/* End PBXBuildFile section */

/* Begin PBXContainerItemProxy section */
		41D9B63D1A80C242002BA487 /* PBXContainerItemProxy */ = {
			isa = PBXContainerItemProxy;
			containerPortal = 41D9B61B1A80C242002BA487 /* Project object */;
			proxyType = 1;
			remoteGlobalIDString = 41D9B6221A80C242002BA487;
			remoteInfo = SyncHelper;
		};
/* End PBXContainerItemProxy section */

/* Begin PBXFileReference section */
		146F40AE8B231A1DAB3CEAD9 /* Pods.debug.xcconfig */ = {isa = PBXFileReference; includeInIndex = 1; lastKnownFileType = text.xcconfig; name = Pods.debug.xcconfig; path = "Pods/Target Support Files/Pods/Pods.debug.xcconfig"; sourceTree = "<group>"; };
		242574D72A436BF42C3B4EAB /* Pods.release.xcconfig */ = {isa = PBXFileReference; includeInIndex = 1; lastKnownFileType = text.xcconfig; name = Pods.release.xcconfig; path = "Pods/Target Support Files/Pods/Pods.release.xcconfig"; sourceTree = "<group>"; };
		41D9B6231A80C242002BA487 /* SyncHelper.app */ = {isa = PBXFileReference; explicitFileType = wrapper.application; includeInIndex = 0; path = SyncHelper.app; sourceTree = BUILT_PRODUCTS_DIR; };
		41D9B6271A80C242002BA487 /* Info.plist */ = {isa = PBXFileReference; lastKnownFileType = text.plist.xml; path = Info.plist; sourceTree = "<group>"; };
		41D9B6281A80C242002BA487 /* main.m */ = {isa = PBXFileReference; lastKnownFileType = sourcecode.c.objc; path = main.m; sourceTree = "<group>"; };
		41D9B62A1A80C242002BA487 /* AppDelegate.h */ = {isa = PBXFileReference; lastKnownFileType = sourcecode.c.h; path = AppDelegate.h; sourceTree = "<group>"; };
		41D9B62B1A80C242002BA487 /* AppDelegate.m */ = {isa = PBXFileReference; lastKnownFileType = sourcecode.c.objc; path = AppDelegate.m; sourceTree = "<group>"; };
		41D9B62D1A80C242002BA487 /* ViewController.h */ = {isa = PBXFileReference; lastKnownFileType = sourcecode.c.h; path = ViewController.h; sourceTree = "<group>"; };
		41D9B62E1A80C242002BA487 /* ViewController.m */ = {isa = PBXFileReference; lastKnownFileType = sourcecode.c.objc; path = ViewController.m; sourceTree = "<group>"; };
		41D9B6311A80C242002BA487 /* Base */ = {isa = PBXFileReference; lastKnownFileType = file.storyboard; name = Base; path = Base.lproj/Main.storyboard; sourceTree = "<group>"; };
		41D9B6331A80C242002BA487 /* Images.xcassets */ = {isa = PBXFileReference; lastKnownFileType = folder.assetcatalog; path = Images.xcassets; sourceTree = "<group>"; };
		41D9B6361A80C242002BA487 /* Base */ = {isa = PBXFileReference; lastKnownFileType = file.xib; name = Base; path = Base.lproj/LaunchScreen.xib; sourceTree = "<group>"; };
		41D9B63C1A80C242002BA487 /* SyncHelperTests.xctest */ = {isa = PBXFileReference; explicitFileType = wrapper.cfbundle; includeInIndex = 0; path = SyncHelperTests.xctest; sourceTree = BUILT_PRODUCTS_DIR; };
		41D9B6411A80C242002BA487 /* Info.plist */ = {isa = PBXFileReference; lastKnownFileType = text.plist.xml; path = Info.plist; sourceTree = "<group>"; };
		41D9B6421A80C242002BA487 /* SyncHelperTests.m */ = {isa = PBXFileReference; lastKnownFileType = sourcecode.c.objc; path = SyncHelperTests.m; sourceTree = "<group>"; };
		41D9B64D1A80C344002BA487 /* Channel.h */ = {isa = PBXFileReference; fileEncoding = 4; lastKnownFileType = sourcecode.c.h; path = Channel.h; sourceTree = "<group>"; };
		41D9B64E1A80C344002BA487 /* Channel.m */ = {isa = PBXFileReference; fileEncoding = 4; lastKnownFileType = sourcecode.c.objc; path = Channel.m; sourceTree = "<group>"; };
		41D9B64F1A80C344002BA487 /* Image.h */ = {isa = PBXFileReference; fileEncoding = 4; lastKnownFileType = sourcecode.c.h; path = Image.h; sourceTree = "<group>"; };
		41D9B6501A80C344002BA487 /* Image.m */ = {isa = PBXFileReference; fileEncoding = 4; lastKnownFileType = sourcecode.c.objc; path = Image.m; sourceTree = "<group>"; };
		41D9B6511A80C344002BA487 /* Item.h */ = {isa = PBXFileReference; fileEncoding = 4; lastKnownFileType = sourcecode.c.h; path = Item.h; sourceTree = "<group>"; };
		41D9B6521A80C344002BA487 /* Item.m */ = {isa = PBXFileReference; fileEncoding = 4; lastKnownFileType = sourcecode.c.objc; path = Item.m; sourceTree = "<group>"; };
		41D9B6531A80C344002BA487 /* MyChanel.h */ = {isa = PBXFileReference; fileEncoding = 4; lastKnownFileType = sourcecode.c.h; path = MyChanel.h; sourceTree = "<group>"; };
		41D9B6541A80C344002BA487 /* MyChanel.m */ = {isa = PBXFileReference; fileEncoding = 4; lastKnownFileType = sourcecode.c.objc; path = MyChanel.m; sourceTree = "<group>"; };
		41D9B6551A80C344002BA487 /* RSS_Item.h */ = {isa = PBXFileReference; fileEncoding = 4; lastKnownFileType = sourcecode.c.h; path = RSS_Item.h; sourceTree = "<group>"; };
		41D9B6561A80C344002BA487 /* RSS_Item.m */ = {isa = PBXFileReference; fileEncoding = 4; lastKnownFileType = sourcecode.c.objc; path = RSS_Item.m; sourceTree = "<group>"; };
		41D9B6571A80C344002BA487 /* StringObject.h */ = {isa = PBXFileReference; fileEncoding = 4; lastKnownFileType = sourcecode.c.h; path = StringObject.h; sourceTree = "<group>"; };
		41D9B6581A80C344002BA487 /* StringObject.m */ = {isa = PBXFileReference; fileEncoding = 4; lastKnownFileType = sourcecode.c.objc; path = StringObject.m; sourceTree = "<group>"; };
		41D9B6591A80C344002BA487 /* Video.h */ = {isa = PBXFileReference; fileEncoding = 4; lastKnownFileType = sourcecode.c.h; path = Video.h; sourceTree = "<group>"; };
		41D9B65A1A80C344002BA487 /* Video.m */ = {isa = PBXFileReference; fileEncoding = 4; lastKnownFileType = sourcecode.c.objc; path = Video.m; sourceTree = "<group>"; };
		41D9B65B1A80C344002BA487 /* Weather.h */ = {isa = PBXFileReference; fileEncoding = 4; lastKnownFileType = sourcecode.c.h; path = Weather.h; sourceTree = "<group>"; };
		41D9B65C1A80C344002BA487 /* Weather.m */ = {isa = PBXFileReference; fileEncoding = 4; lastKnownFileType = sourcecode.c.objc; path = Weather.m; sourceTree = "<group>"; };
		41D9B65E1A80C344002BA487 /* Parser.h */ = {isa = PBXFileReference; fileEncoding = 4; lastKnownFileType = sourcecode.c.h; path = Parser.h; sourceTree = "<group>"; };
		41D9B65F1A80C344002BA487 /* Parser.m */ = {isa = PBXFileReference; fileEncoding = 4; lastKnownFileType = sourcecode.c.objc; path = Parser.m; sourceTree = "<group>"; };
		41D9B6621A80C344002BA487 /* Jastor-Prefix.pch */ = {isa = PBXFileReference; fileEncoding = 4; lastKnownFileType = sourcecode.c.h; path = "Jastor-Prefix.pch"; sourceTree = "<group>"; };
		41D9B6631A80C344002BA487 /* Jastor.h */ = {isa = PBXFileReference; fileEncoding = 4; lastKnownFileType = sourcecode.c.h; path = Jastor.h; sourceTree = "<group>"; };
		41D9B6641A80C344002BA487 /* Jastor.m */ = {isa = PBXFileReference; fileEncoding = 4; lastKnownFileType = sourcecode.c.objc; path = Jastor.m; sourceTree = "<group>"; };
		41D9B6651A80C344002BA487 /* JastorRuntimeHelper.h */ = {isa = PBXFileReference; fileEncoding = 4; lastKnownFileType = sourcecode.c.h; path = JastorRuntimeHelper.h; sourceTree = "<group>"; };
		41D9B6661A80C344002BA487 /* JastorRuntimeHelper.m */ = {isa = PBXFileReference; fileEncoding = 4; lastKnownFileType = sourcecode.c.objc; path = JastorRuntimeHelper.m; sourceTree = "<group>"; };
		41D9B6681A80C344002BA487 /* JSON.h */ = {isa = PBXFileReference; fileEncoding = 4; lastKnownFileType = sourcecode.c.h; path = JSON.h; sourceTree = "<group>"; };
		41D9B6691A80C344002BA487 /* NSObject+SBJSON.h */ = {isa = PBXFileReference; fileEncoding = 4; lastKnownFileType = sourcecode.c.h; path = "NSObject+SBJSON.h"; sourceTree = "<group>"; };
		41D9B66A1A80C344002BA487 /* NSObject+SBJSON.m */ = {isa = PBXFileReference; fileEncoding = 4; lastKnownFileType = sourcecode.c.objc; path = "NSObject+SBJSON.m"; sourceTree = "<group>"; };
		41D9B66B1A80C344002BA487 /* NSString+SBJSON.h */ = {isa = PBXFileReference; fileEncoding = 4; lastKnownFileType = sourcecode.c.h; path = "NSString+SBJSON.h"; sourceTree = "<group>"; };
		41D9B66C1A80C344002BA487 /* NSString+SBJSON.m */ = {isa = PBXFileReference; fileEncoding = 4; lastKnownFileType = sourcecode.c.objc; path = "NSString+SBJSON.m"; sourceTree = "<group>"; };
		41D9B66D1A80C344002BA487 /* SBJSON.h */ = {isa = PBXFileReference; fileEncoding = 4; lastKnownFileType = sourcecode.c.h; path = SBJSON.h; sourceTree = "<group>"; };
		41D9B66E1A80C344002BA487 /* SBJSON.m */ = {isa = PBXFileReference; fileEncoding = 4; lastKnownFileType = sourcecode.c.objc; path = SBJSON.m; sourceTree = "<group>"; };
		41D9B66F1A80C344002BA487 /* SBJsonBase.h */ = {isa = PBXFileReference; fileEncoding = 4; lastKnownFileType = sourcecode.c.h; path = SBJsonBase.h; sourceTree = "<group>"; };
		41D9B6701A80C344002BA487 /* SBJsonBase.m */ = {isa = PBXFileReference; fileEncoding = 4; lastKnownFileType = sourcecode.c.objc; path = SBJsonBase.m; sourceTree = "<group>"; };
		41D9B6711A80C344002BA487 /* SBJsonParser.h */ = {isa = PBXFileReference; fileEncoding = 4; lastKnownFileType = sourcecode.c.h; path = SBJsonParser.h; sourceTree = "<group>"; };
		41D9B6721A80C344002BA487 /* SBJsonParser.m */ = {isa = PBXFileReference; fileEncoding = 4; lastKnownFileType = sourcecode.c.objc; path = SBJsonParser.m; sourceTree = "<group>"; };
		41D9B6731A80C344002BA487 /* SBJsonWriter.h */ = {isa = PBXFileReference; fileEncoding = 4; lastKnownFileType = sourcecode.c.h; path = SBJsonWriter.h; sourceTree = "<group>"; };
		41D9B6741A80C344002BA487 /* SBJsonWriter.m */ = {isa = PBXFileReference; fileEncoding = 4; lastKnownFileType = sourcecode.c.objc; path = SBJsonWriter.m; sourceTree = "<group>"; };
		41D9B6931A80C420002BA487 /* libsqlite3.dylib */ = {isa = PBXFileReference; lastKnownFileType = "compiled.mach-o.dylib"; name = libsqlite3.dylib; path = usr/lib/libsqlite3.dylib; sourceTree = SDKROOT; };
		41D9B6981A80C4D7002BA487 /* DBClientBase.h */ = {isa = PBXFileReference; fileEncoding = 4; lastKnownFileType = sourcecode.c.h; path = DBClientBase.h; sourceTree = "<group>"; };
		41D9B6991A80C4D7002BA487 /* DBClientBase.m */ = {isa = PBXFileReference; fileEncoding = 4; lastKnownFileType = sourcecode.c.objc; path = DBClientBase.m; sourceTree = "<group>"; };
		41D9B69A1A80C4D7002BA487 /* DBConstants.h */ = {isa = PBXFileReference; fileEncoding = 4; lastKnownFileType = sourcecode.c.h; path = DBConstants.h; sourceTree = "<group>"; };
		41D9B69B1A80C4D7002BA487 /* DBConstants.m */ = {isa = PBXFileReference; fileEncoding = 4; lastKnownFileType = sourcecode.c.objc; path = DBConstants.m; sourceTree = "<group>"; };
		41D9B69C1A80C4D7002BA487 /* DBManager.h */ = {isa = PBXFileReference; fileEncoding = 4; lastKnownFileType = sourcecode.c.h; path = DBManager.h; sourceTree = "<group>"; };
		41D9B69D1A80C4D7002BA487 /* DBManager.m */ = {isa = PBXFileReference; fileEncoding = 4; lastKnownFileType = sourcecode.c.objc; path = DBManager.m; sourceTree = "<group>"; };
		41D9B69F1A80C4D7002BA487 /* newsdb.sqlite */ = {isa = PBXFileReference; lastKnownFileType = file; path = newsdb.sqlite; sourceTree = "<group>"; };
		41D9B6A41A80C706002BA487 /* SyncHelper.h */ = {isa = PBXFileReference; fileEncoding = 4; lastKnownFileType = sourcecode.c.h; path = SyncHelper.h; sourceTree = "<group>"; };
		41D9B6A51A80C706002BA487 /* SyncHelper.m */ = {isa = PBXFileReference; fileEncoding = 4; lastKnownFileType = sourcecode.c.objc; path = SyncHelper.m; sourceTree = "<group>"; };
		8712A0BE5C22A29FAA6B38EC /* libPods.a */ = {isa = PBXFileReference; explicitFileType = archive.ar; includeInIndex = 0; path = libPods.a; sourceTree = BUILT_PRODUCTS_DIR; };
/* End PBXFileReference section */

/* Begin PBXFrameworksBuildPhase section */
		41D9B6201A80C242002BA487 /* Frameworks */ = {
			isa = PBXFrameworksBuildPhase;
			buildActionMask = 2147483647;
			files = (
				41D9B6941A80C420002BA487 /* libsqlite3.dylib in Frameworks */,
				D4A55E55984BA01FED7874C4 /* libPods.a in Frameworks */,
			);
			runOnlyForDeploymentPostprocessing = 0;
		};
		41D9B6391A80C242002BA487 /* Frameworks */ = {
			isa = PBXFrameworksBuildPhase;
			buildActionMask = 2147483647;
			files = (
			);
			runOnlyForDeploymentPostprocessing = 0;
		};
/* End PBXFrameworksBuildPhase section */

/* Begin PBXGroup section */
		41D9B61A1A80C242002BA487 = {
			isa = PBXGroup;
			children = (
				41D9B6251A80C242002BA487 /* SyncHelper */,
				41D9B63F1A80C242002BA487 /* SyncHelperTests */,
				41D9B6241A80C242002BA487 /* Products */,
				E0B0036ABC30439CD521B80E /* Pods */,
				6D827A60EA8AC2C5ADA9C0F5 /* Frameworks */,
			);
			sourceTree = "<group>";
		};
		41D9B6241A80C242002BA487 /* Products */ = {
			isa = PBXGroup;
			children = (
				41D9B6231A80C242002BA487 /* SyncHelper.app */,
				41D9B63C1A80C242002BA487 /* SyncHelperTests.xctest */,
			);
			name = Products;
			sourceTree = "<group>";
		};
		41D9B6251A80C242002BA487 /* SyncHelper */ = {
			isa = PBXGroup;
			children = (
				41D9B6861A80C35A002BA487 /* Module */,
				41D9B64C1A80C344002BA487 /* Models */,
				41D9B65D1A80C344002BA487 /* Service */,
				41D9B6601A80C344002BA487 /* Utils */,
				41D9B62A1A80C242002BA487 /* AppDelegate.h */,
				41D9B62B1A80C242002BA487 /* AppDelegate.m */,
				41D9B62D1A80C242002BA487 /* ViewController.h */,
				41D9B62E1A80C242002BA487 /* ViewController.m */,
				41D9B6301A80C242002BA487 /* Main.storyboard */,
				41D9B6331A80C242002BA487 /* Images.xcassets */,
				41D9B6351A80C242002BA487 /* LaunchScreen.xib */,
				41D9B6261A80C242002BA487 /* Supporting Files */,
			);
			path = SyncHelper;
			sourceTree = "<group>";
		};
		41D9B6261A80C242002BA487 /* Supporting Files */ = {
			isa = PBXGroup;
			children = (
				41D9B6271A80C242002BA487 /* Info.plist */,
				41D9B6281A80C242002BA487 /* main.m */,
			);
			name = "Supporting Files";
			sourceTree = "<group>";
		};
		41D9B63F1A80C242002BA487 /* SyncHelperTests */ = {
			isa = PBXGroup;
			children = (
				41D9B6421A80C242002BA487 /* SyncHelperTests.m */,
				41D9B6401A80C242002BA487 /* Supporting Files */,
			);
			path = SyncHelperTests;
			sourceTree = "<group>";
		};
		41D9B6401A80C242002BA487 /* Supporting Files */ = {
			isa = PBXGroup;
			children = (
				41D9B6411A80C242002BA487 /* Info.plist */,
			);
			name = "Supporting Files";
			sourceTree = "<group>";
		};
		41D9B64C1A80C344002BA487 /* Models */ = {
			isa = PBXGroup;
			children = (
				41D9B64D1A80C344002BA487 /* Channel.h */,
				41D9B64E1A80C344002BA487 /* Channel.m */,
				41D9B64F1A80C344002BA487 /* Image.h */,
				41D9B6501A80C344002BA487 /* Image.m */,
				41D9B6511A80C344002BA487 /* Item.h */,
				41D9B6521A80C344002BA487 /* Item.m */,
				41D9B6531A80C344002BA487 /* MyChanel.h */,
				41D9B6541A80C344002BA487 /* MyChanel.m */,
				41D9B6551A80C344002BA487 /* RSS_Item.h */,
				41D9B6561A80C344002BA487 /* RSS_Item.m */,
				41D9B6571A80C344002BA487 /* StringObject.h */,
				41D9B6581A80C344002BA487 /* StringObject.m */,
				41D9B6591A80C344002BA487 /* Video.h */,
				41D9B65A1A80C344002BA487 /* Video.m */,
				41D9B65B1A80C344002BA487 /* Weather.h */,
				41D9B65C1A80C344002BA487 /* Weather.m */,
			);
			path = Models;
			sourceTree = "<group>";
		};
		41D9B65D1A80C344002BA487 /* Service */ = {
			isa = PBXGroup;
			children = (
				41D9B65E1A80C344002BA487 /* Parser.h */,
				41D9B65F1A80C344002BA487 /* Parser.m */,
			);
			path = Service;
			sourceTree = "<group>";
		};
		41D9B6601A80C344002BA487 /* Utils */ = {
			isa = PBXGroup;
			children = (
				41D9B6611A80C344002BA487 /* Jastor */,
				41D9B6671A80C344002BA487 /* SBJSON */,
			);
			path = Utils;
			sourceTree = "<group>";
		};
		41D9B6611A80C344002BA487 /* Jastor */ = {
			isa = PBXGroup;
			children = (
				41D9B6621A80C344002BA487 /* Jastor-Prefix.pch */,
				41D9B6631A80C344002BA487 /* Jastor.h */,
				41D9B6641A80C344002BA487 /* Jastor.m */,
				41D9B6651A80C344002BA487 /* JastorRuntimeHelper.h */,
				41D9B6661A80C344002BA487 /* JastorRuntimeHelper.m */,
			);
			path = Jastor;
			sourceTree = "<group>";
		};
		41D9B6671A80C344002BA487 /* SBJSON */ = {
			isa = PBXGroup;
			children = (
				41D9B6681A80C344002BA487 /* JSON.h */,
				41D9B6691A80C344002BA487 /* NSObject+SBJSON.h */,
				41D9B66A1A80C344002BA487 /* NSObject+SBJSON.m */,
				41D9B66B1A80C344002BA487 /* NSString+SBJSON.h */,
				41D9B66C1A80C344002BA487 /* NSString+SBJSON.m */,
				41D9B66D1A80C344002BA487 /* SBJSON.h */,
				41D9B66E1A80C344002BA487 /* SBJSON.m */,
				41D9B66F1A80C344002BA487 /* SBJsonBase.h */,
				41D9B6701A80C344002BA487 /* SBJsonBase.m */,
				41D9B6711A80C344002BA487 /* SBJsonParser.h */,
				41D9B6721A80C344002BA487 /* SBJsonParser.m */,
				41D9B6731A80C344002BA487 /* SBJsonWriter.h */,
				41D9B6741A80C344002BA487 /* SBJsonWriter.m */,
			);
			path = SBJSON;
			sourceTree = "<group>";
		};
		41D9B6861A80C35A002BA487 /* Module */ = {
			isa = PBXGroup;
			children = (
				41D9B6971A80C4D7002BA487 /* Database */,
				41D9B6961A80C4CD002BA487 /* SyncHelper */,
			);
			path = Module;
			sourceTree = "<group>";
		};
		41D9B6961A80C4CD002BA487 /* SyncHelper */ = {
			isa = PBXGroup;
			children = (
				41D9B6A41A80C706002BA487 /* SyncHelper.h */,
				41D9B6A51A80C706002BA487 /* SyncHelper.m */,
			);
			path = SyncHelper;
			sourceTree = "<group>";
		};
		41D9B6971A80C4D7002BA487 /* Database */ = {
			isa = PBXGroup;
			children = (
				41D9B6981A80C4D7002BA487 /* DBClientBase.h */,
				41D9B6991A80C4D7002BA487 /* DBClientBase.m */,
				41D9B69A1A80C4D7002BA487 /* DBConstants.h */,
				41D9B69B1A80C4D7002BA487 /* DBConstants.m */,
				41D9B69C1A80C4D7002BA487 /* DBManager.h */,
				41D9B69D1A80C4D7002BA487 /* DBManager.m */,
				41D9B69E1A80C4D7002BA487 /* dbschema */,
			);
			path = Database;
			sourceTree = "<group>";
		};
		41D9B69E1A80C4D7002BA487 /* dbschema */ = {
			isa = PBXGroup;
			children = (
				41D9B69F1A80C4D7002BA487 /* newsdb.sqlite */,
			);
			path = dbschema;
			sourceTree = "<group>";
		};
		6D827A60EA8AC2C5ADA9C0F5 /* Frameworks */ = {
			isa = PBXGroup;
			children = (
				41D9B6931A80C420002BA487 /* libsqlite3.dylib */,
				8712A0BE5C22A29FAA6B38EC /* libPods.a */,
			);
			name = Frameworks;
			sourceTree = "<group>";
		};
		E0B0036ABC30439CD521B80E /* Pods */ = {
			isa = PBXGroup;
			children = (
				146F40AE8B231A1DAB3CEAD9 /* Pods.debug.xcconfig */,
				242574D72A436BF42C3B4EAB /* Pods.release.xcconfig */,
			);
			name = Pods;
			sourceTree = "<group>";
		};
/* End PBXGroup section */

/* Begin PBXNativeTarget section */
		41D9B6221A80C242002BA487 /* SyncHelper */ = {
			isa = PBXNativeTarget;
			buildConfigurationList = 41D9B6461A80C242002BA487 /* Build configuration list for PBXNativeTarget "SyncHelper" */;
			buildPhases = (
				3AF95EB70E3E21C5B6FB8B75 /* Check Pods Manifest.lock */,
				41D9B61F1A80C242002BA487 /* Sources */,
				41D9B6201A80C242002BA487 /* Frameworks */,
				41D9B6211A80C242002BA487 /* Resources */,
				A5921630543167C1A046AB4B /* Copy Pods Resources */,
			);
			buildRules = (
			);
			dependencies = (
			);
			name = SyncHelper;
			productName = SyncHelper;
			productReference = 41D9B6231A80C242002BA487 /* SyncHelper.app */;
			productType = "com.apple.product-type.application";
		};
		41D9B63B1A80C242002BA487 /* SyncHelperTests */ = {
			isa = PBXNativeTarget;
			buildConfigurationList = 41D9B6491A80C242002BA487 /* Build configuration list for PBXNativeTarget "SyncHelperTests" */;
			buildPhases = (
				41D9B6381A80C242002BA487 /* Sources */,
				41D9B6391A80C242002BA487 /* Frameworks */,
				41D9B63A1A80C242002BA487 /* Resources */,
			);
			buildRules = (
			);
			dependencies = (
				41D9B63E1A80C242002BA487 /* PBXTargetDependency */,
			);
			name = SyncHelperTests;
			productName = SyncHelperTests;
			productReference = 41D9B63C1A80C242002BA487 /* SyncHelperTests.xctest */;
			productType = "com.apple.product-type.bundle.unit-test";
		};
/* End PBXNativeTarget section */

/* Begin PBXProject section */
		41D9B61B1A80C242002BA487 /* Project object */ = {
			isa = PBXProject;
			attributes = {
				LastUpgradeCheck = 0610;
				ORGANIZATIONNAME = "AYLON-4";
				TargetAttributes = {
					41D9B6221A80C242002BA487 = {
						CreatedOnToolsVersion = 6.1.1;
					};
					41D9B63B1A80C242002BA487 = {
						CreatedOnToolsVersion = 6.1.1;
						TestTargetID = 41D9B6221A80C242002BA487;
					};
				};
			};
			buildConfigurationList = 41D9B61E1A80C242002BA487 /* Build configuration list for PBXProject "SyncHelper" */;
			compatibilityVersion = "Xcode 3.2";
			developmentRegion = English;
			hasScannedForEncodings = 0;
			knownRegions = (
				en,
				Base,
			);
			mainGroup = 41D9B61A1A80C242002BA487;
			productRefGroup = 41D9B6241A80C242002BA487 /* Products */;
			projectDirPath = "";
			projectRoot = "";
			targets = (
				41D9B6221A80C242002BA487 /* SyncHelper */,
				41D9B63B1A80C242002BA487 /* SyncHelperTests */,
			);
		};
/* End PBXProject section */

/* Begin PBXResourcesBuildPhase section */
		41D9B6211A80C242002BA487 /* Resources */ = {
			isa = PBXResourcesBuildPhase;
			buildActionMask = 2147483647;
			files = (
				41D9B6A31A80C4D7002BA487 /* newsdb.sqlite in Resources */,
				41D9B6321A80C242002BA487 /* Main.storyboard in Resources */,
				41D9B6371A80C242002BA487 /* LaunchScreen.xib in Resources */,
				41D9B6341A80C242002BA487 /* Images.xcassets in Resources */,
			);
			runOnlyForDeploymentPostprocessing = 0;
		};
		41D9B63A1A80C242002BA487 /* Resources */ = {
			isa = PBXResourcesBuildPhase;
			buildActionMask = 2147483647;
			files = (
			);
			runOnlyForDeploymentPostprocessing = 0;
		};
/* End PBXResourcesBuildPhase section */

/* Begin PBXShellScriptBuildPhase section */
		3AF95EB70E3E21C5B6FB8B75 /* Check Pods Manifest.lock */ = {
			isa = PBXShellScriptBuildPhase;
			buildActionMask = 2147483647;
			files = (
			);
			inputPaths = (
			);
			name = "Check Pods Manifest.lock";
			outputPaths = (
			);
			runOnlyForDeploymentPostprocessing = 0;
			shellPath = /bin/sh;
			shellScript = "diff \"${PODS_ROOT}/../Podfile.lock\" \"${PODS_ROOT}/Manifest.lock\" > /dev/null\nif [[ $? != 0 ]] ; then\n    cat << EOM\nerror: The sandbox is not in sync with the Podfile.lock. Run 'pod install' or update your CocoaPods installation.\nEOM\n    exit 1\nfi\n";
			showEnvVarsInLog = 0;
		};
		A5921630543167C1A046AB4B /* Copy Pods Resources */ = {
			isa = PBXShellScriptBuildPhase;
			buildActionMask = 2147483647;
			files = (
			);
			inputPaths = (
			);
			name = "Copy Pods Resources";
			outputPaths = (
			);
			runOnlyForDeploymentPostprocessing = 0;
			shellPath = /bin/sh;
			shellScript = "\"${SRCROOT}/Pods/Target Support Files/Pods/Pods-resources.sh\"\n";
			showEnvVarsInLog = 0;
		};
/* End PBXShellScriptBuildPhase section */

/* Begin PBXSourcesBuildPhase section */
		41D9B61F1A80C242002BA487 /* Sources */ = {
			isa = PBXSourcesBuildPhase;
			buildActionMask = 2147483647;
			files = (
				41D9B6781A80C344002BA487 /* MyChanel.m in Sources */,
				41D9B6851A80C344002BA487 /* SBJsonWriter.m in Sources */,
				41D9B67E1A80C344002BA487 /* Jastor.m in Sources */,
				41D9B6771A80C344002BA487 /* Item.m in Sources */,
				41D9B62F1A80C242002BA487 /* ViewController.m in Sources */,
				41D9B6A11A80C4D7002BA487 /* DBConstants.m in Sources */,
				41D9B67B1A80C344002BA487 /* Video.m in Sources */,
				41D9B67D1A80C344002BA487 /* Parser.m in Sources */,
				41D9B6791A80C344002BA487 /* RSS_Item.m in Sources */,
				41D9B6841A80C344002BA487 /* SBJsonParser.m in Sources */,
				41D9B6831A80C344002BA487 /* SBJsonBase.m in Sources */,
				41D9B67F1A80C344002BA487 /* JastorRuntimeHelper.m in Sources */,
				41D9B67C1A80C344002BA487 /* Weather.m in Sources */,
				41D9B6751A80C344002BA487 /* Channel.m in Sources */,
				41D9B6801A80C344002BA487 /* NSObject+SBJSON.m in Sources */,
				41D9B6A01A80C4D7002BA487 /* DBClientBase.m in Sources */,
				41D9B67A1A80C344002BA487 /* StringObject.m in Sources */,
				41D9B6A21A80C4D7002BA487 /* DBManager.m in Sources */,
				41D9B6821A80C344002BA487 /* SBJSON.m in Sources */,
				41D9B62C1A80C242002BA487 /* AppDelegate.m in Sources */,
				41D9B6A61A80C706002BA487 /* SyncHelper.m in Sources */,
				41D9B6291A80C242002BA487 /* main.m in Sources */,
				41D9B6811A80C344002BA487 /* NSString+SBJSON.m in Sources */,
				41D9B6761A80C344002BA487 /* Image.m in Sources */,
			);
			runOnlyForDeploymentPostprocessing = 0;
		};
		41D9B6381A80C242002BA487 /* Sources */ = {
			isa = PBXSourcesBuildPhase;
			buildActionMask = 2147483647;
			files = (
				41D9B6431A80C242002BA487 /* SyncHelperTests.m in Sources */,
			);
			runOnlyForDeploymentPostprocessing = 0;
		};
/* End PBXSourcesBuildPhase section */

/* Begin PBXTargetDependency section */
		41D9B63E1A80C242002BA487 /* PBXTargetDependency */ = {
			isa = PBXTargetDependency;
			target = 41D9B6221A80C242002BA487 /* SyncHelper */;
			targetProxy = 41D9B63D1A80C242002BA487 /* PBXContainerItemProxy */;
		};
/* End PBXTargetDependency section */

/* Begin PBXVariantGroup section */
		41D9B6301A80C242002BA487 /* Main.storyboard */ = {
			isa = PBXVariantGroup;
			children = (
				41D9B6311A80C242002BA487 /* Base */,
			);
			name = Main.storyboard;
			sourceTree = "<group>";
		};
		41D9B6351A80C242002BA487 /* LaunchScreen.xib */ = {
			isa = PBXVariantGroup;
			children = (
				41D9B6361A80C242002BA487 /* Base */,
			);
			name = LaunchScreen.xib;
			sourceTree = "<group>";
		};
/* End PBXVariantGroup section */

/* Begin XCBuildConfiguration section */
		41D9B6441A80C242002BA487 /* Debug */ = {
			isa = XCBuildConfiguration;
			buildSettings = {
				ALWAYS_SEARCH_USER_PATHS = NO;
				CLANG_CXX_LANGUAGE_STANDARD = "gnu++0x";
				CLANG_CXX_LIBRARY = "libc++";
				CLANG_ENABLE_MODULES = YES;
				CLANG_ENABLE_OBJC_ARC = YES;
				CLANG_WARN_BOOL_CONVERSION = YES;
				CLANG_WARN_CONSTANT_CONVERSION = YES;
				CLANG_WARN_DIRECT_OBJC_ISA_USAGE = YES_ERROR;
				CLANG_WARN_EMPTY_BODY = YES;
				CLANG_WARN_ENUM_CONVERSION = YES;
				CLANG_WARN_INT_CONVERSION = YES;
				CLANG_WARN_OBJC_ROOT_CLASS = YES_ERROR;
				CLANG_WARN_UNREACHABLE_CODE = YES;
				CLANG_WARN__DUPLICATE_METHOD_MATCH = YES;
				"CODE_SIGN_IDENTITY[sdk=iphoneos*]" = "iPhone Developer";
				COPY_PHASE_STRIP = NO;
				ENABLE_STRICT_OBJC_MSGSEND = YES;
				GCC_C_LANGUAGE_STANDARD = gnu99;
				GCC_DYNAMIC_NO_PIC = NO;
				GCC_OPTIMIZATION_LEVEL = 0;
				GCC_PREPROCESSOR_DEFINITIONS = (
					"DEBUG=1",
					"$(inherited)",
				);
				GCC_SYMBOLS_PRIVATE_EXTERN = NO;
				GCC_WARN_64_TO_32_BIT_CONVERSION = YES;
				GCC_WARN_ABOUT_RETURN_TYPE = YES_ERROR;
				GCC_WARN_UNDECLARED_SELECTOR = YES;
				GCC_WARN_UNINITIALIZED_AUTOS = YES_AGGRESSIVE;
				GCC_WARN_UNUSED_FUNCTION = YES;
				GCC_WARN_UNUSED_VARIABLE = YES;
				IPHONEOS_DEPLOYMENT_TARGET = 8.1;
				MTL_ENABLE_DEBUG_INFO = YES;
				ONLY_ACTIVE_ARCH = YES;
				SDKROOT = iphoneos;
			};
			name = Debug;
		};
		41D9B6451A80C242002BA487 /* Release */ = {
			isa = XCBuildConfiguration;
			buildSettings = {
				ALWAYS_SEARCH_USER_PATHS = NO;
				CLANG_CXX_LANGUAGE_STANDARD = "gnu++0x";
				CLANG_CXX_LIBRARY = "libc++";
				CLANG_ENABLE_MODULES = YES;
				CLANG_ENABLE_OBJC_ARC = YES;
				CLANG_WARN_BOOL_CONVERSION = YES;
				CLANG_WARN_CONSTANT_CONVERSION = YES;
				CLANG_WARN_DIRECT_OBJC_ISA_USAGE = YES_ERROR;
				CLANG_WARN_EMPTY_BODY = YES;
				CLANG_WARN_ENUM_CONVERSION = YES;
				CLANG_WARN_INT_CONVERSION = YES;
				CLANG_WARN_OBJC_ROOT_CLASS = YES_ERROR;
				CLANG_WARN_UNREACHABLE_CODE = YES;
				CLANG_WARN__DUPLICATE_METHOD_MATCH = YES;
				"CODE_SIGN_IDENTITY[sdk=iphoneos*]" = "iPhone Developer";
				COPY_PHASE_STRIP = YES;
				ENABLE_NS_ASSERTIONS = NO;
				ENABLE_STRICT_OBJC_MSGSEND = YES;
				GCC_C_LANGUAGE_STANDARD = gnu99;
				GCC_WARN_64_TO_32_BIT_CONVERSION = YES;
				GCC_WARN_ABOUT_RETURN_TYPE = YES_ERROR;
				GCC_WARN_UNDECLARED_SELECTOR = YES;
				GCC_WARN_UNINITIALIZED_AUTOS = YES_AGGRESSIVE;
				GCC_WARN_UNUSED_FUNCTION = YES;
				GCC_WARN_UNUSED_VARIABLE = YES;
				IPHONEOS_DEPLOYMENT_TARGET = 8.1;
				MTL_ENABLE_DEBUG_INFO = NO;
				SDKROOT = iphoneos;
				VALIDATE_PRODUCT = YES;
			};
			name = Release;
		};
		41D9B6471A80C242002BA487 /* Debug */ = {
			isa = XCBuildConfiguration;
			baseConfigurationReference = 146F40AE8B231A1DAB3CEAD9 /* Pods.debug.xcconfig */;
			buildSettings = {
				ASSETCATALOG_COMPILER_APPICON_NAME = AppIcon;
				INFOPLIST_FILE = SyncHelper/Info.plist;
				LD_RUNPATH_SEARCH_PATHS = "$(inherited) @executable_path/Frameworks";
				PRODUCT_NAME = "$(TARGET_NAME)";
			};
			name = Debug;
		};
		41D9B6481A80C242002BA487 /* Release */ = {
			isa = XCBuildConfiguration;
			baseConfigurationReference = 242574D72A436BF42C3B4EAB /* Pods.release.xcconfig */;
			buildSettings = {
				ASSETCATALOG_COMPILER_APPICON_NAME = AppIcon;
				INFOPLIST_FILE = SyncHelper/Info.plist;
				LD_RUNPATH_SEARCH_PATHS = "$(inherited) @executable_path/Frameworks";
				PRODUCT_NAME = "$(TARGET_NAME)";
			};
			name = Release;
		};
		41D9B64A1A80C242002BA487 /* Debug */ = {
			isa = XCBuildConfiguration;
			buildSettings = {
				BUNDLE_LOADER = "$(TEST_HOST)";
				FRAMEWORK_SEARCH_PATHS = (
					"$(SDKROOT)/Developer/Library/Frameworks",
					"$(inherited)",
				);
				GCC_PREPROCESSOR_DEFINITIONS = (
					"DEBUG=1",
					"$(inherited)",
				);
				INFOPLIST_FILE = SyncHelperTests/Info.plist;
				LD_RUNPATH_SEARCH_PATHS = "$(inherited) @executable_path/Frameworks @loader_path/Frameworks";
				PRODUCT_NAME = "$(TARGET_NAME)";
				TEST_HOST = "$(BUILT_PRODUCTS_DIR)/SyncHelper.app/SyncHelper";
			};
			name = Debug;
		};
		41D9B64B1A80C242002BA487 /* Release */ = {
			isa = XCBuildConfiguration;
			buildSettings = {
				BUNDLE_LOADER = "$(TEST_HOST)";
				FRAMEWORK_SEARCH_PATHS = (
					"$(SDKROOT)/Developer/Library/Frameworks",
					"$(inherited)",
				);
				INFOPLIST_FILE = SyncHelperTests/Info.plist;
				LD_RUNPATH_SEARCH_PATHS = "$(inherited) @executable_path/Frameworks @loader_path/Frameworks";
				PRODUCT_NAME = "$(TARGET_NAME)";
				TEST_HOST = "$(BUILT_PRODUCTS_DIR)/SyncHelper.app/SyncHelper";
			};
			name = Release;
		};
/* End XCBuildConfiguration section */

/* Begin XCConfigurationList section */
		41D9B61E1A80C242002BA487 /* Build configuration list for PBXProject "SyncHelper" */ = {
			isa = XCConfigurationList;
			buildConfigurations = (
				41D9B6441A80C242002BA487 /* Debug */,
				41D9B6451A80C242002BA487 /* Release */,
			);
			defaultConfigurationIsVisible = 0;
			defaultConfigurationName = Release;
		};
		41D9B6461A80C242002BA487 /* Build configuration list for PBXNativeTarget "SyncHelper" */ = {
			isa = XCConfigurationList;
			buildConfigurations = (
				41D9B6471A80C242002BA487 /* Debug */,
				41D9B6481A80C242002BA487 /* Release */,
			);
			defaultConfigurationIsVisible = 0;
			defaultConfigurationName = Release;
		};
		41D9B6491A80C242002BA487 /* Build configuration list for PBXNativeTarget "SyncHelperTests" */ = {
			isa = XCConfigurationList;
			buildConfigurations = (
				41D9B64A1A80C242002BA487 /* Debug */,
				41D9B64B1A80C242002BA487 /* Release */,
			);
			defaultConfigurationIsVisible = 0;
			defaultConfigurationName = Release;
		};
/* End XCConfigurationList section */
	};
	rootObject = 41D9B61B1A80C242002BA487 /* Project object */;
}
